
Microsoft Visual Studio Solution File, Format Version 12.00
# Visual Studio Version 17
VisualStudioVersion = 17.8.34309.116
MinimumVisualStudioVersion = 10.0.40219.1
Project("{FAE04EC0-301F-11D3-BF4B-00C04F79EFBC}") = "ShoppingCartApp", "ShoppingCartApp.csproj", "{950F5D1D-DDA7-4B13-A859-1C95637CAC9A}"
EndProject
Global
	GlobalSection(SolutionConfigurationPlatforms) = preSolution
		Debug|Any CPU = Debug|Any CPU
		Release|Any CPU = Release|Any CPU
	EndGlobalSection
	GlobalSection(ProjectConfigurationPlatforms) = postSolution
		{950F5D1D-DDA7-4B13-A859-1C95637CAC9A}.Debug|Any CPU.ActiveCfg = Debug|Any CPU
		{950F5D1D-DDA7-4B13-A859-1C95637CAC9A}.Debug|Any CPU.Build.0 = Debug|Any CPU
		{950F5D1D-DDA7-4B13-A859-1C95637CAC9A}.Release|Any CPU.ActiveCfg = Release|Any CPU
		{950F5D1D-DDA7-4B13-A859-1C95637CAC9A}.Release|Any CPU.Build.0 = Release|Any CPU
	EndGlobalSection
	GlobalSection(SolutionProperties) = preSolution
		HideSolutionNode = FALSE
	EndGlobalSection
	GlobalSection(ExtensibilityGlobals) = postSolution
		SolutionGuid = {0CFE395E-AB3E-4133-9AD3-16CD03F947AA}
	EndGlobalSection
EndGlobal
